# THIS IS AN AUTOGENERATED FILE. DO NOT EDIT THIS FILE DIRECTLY.
# yarn lockfile v1


python-shell@^3.0.1:
  version "3.0.1"
  resolved "https://registry.yarnpkg.com/python-shell/-/python-shell-3.0.1.tgz#c3d3b11536e6ebdb8d6a2602482f7180d940bb13"
  integrity sha512-TWeotuxe1auhXa5bGRScxnc2J+0r41NBntSa6RYZtMBLtAEsvCboKrEbW6DvASosWQepVkhZZlT3B5Ei766G+Q==
